
Microsoft Visual Studio Solution File, Format Version 12.00
# Visual Studio 15
VisualStudioVersion = 15.0.28307.329
MinimumVisualStudioVersion = 10.0.40219.1
Project("{FAE04EC0-301F-11D3-BF4B-00C04F79EFBC}") = "CalculadoraXamarin.Android", "CalculadoraXamarin\CalculadoraXamarin.Android\CalculadoraXamarin.Android.csproj", "{47992E93-724B-4B87-9122-18D5D02A5E59}"
EndProject
Project("{FAE04EC0-301F-11D3-BF4B-00C04F79EFBC}") = "CalculadoraXamarin.iOS", "CalculadoraXamarin\CalculadoraXamarin.iOS\CalculadoraXamarin.iOS.csproj", "{9D6BD629-8AD8-4D6A-B127-A4AF73AF1F5C}"
EndProject
Project("{FAE04EC0-301F-11D3-BF4B-00C04F79EFBC}") = "CalculadoraXamarin.UWP", "CalculadoraXamarin\CalculadoraXamarin.UWP\CalculadoraXamarin.UWP.csproj", "{168BC439-F542-4001-9B08-FD172BD72F59}"
EndProject
Project("{9A19103F-16F7-4668-BE54-9A1E7A4F7556}") = "CalculadoraXamarin", "CalculadoraXamarin\CalculadoraXamarin\CalculadoraXamarin.csproj", "{AE0FC564-418B-449A-8495-C411061494CE}"
EndProject
Global
	GlobalSection(SolutionConfigurationPlatforms) = preSolution
		Ad-Hoc|Any CPU = Ad-Hoc|Any CPU
		Ad-Hoc|ARM = Ad-Hoc|ARM
		Ad-Hoc|iPhone = Ad-Hoc|iPhone
		Ad-Hoc|iPhoneSimulator = Ad-Hoc|iPhoneSimulator
		Ad-Hoc|x64 = Ad-Hoc|x64
		Ad-Hoc|x86 = Ad-Hoc|x86
		AppStore|Any CPU = AppStore|Any CPU
		AppStore|ARM = AppStore|ARM
		AppStore|iPhone = AppStore|iPhone
		AppStore|iPhoneSimulator = AppStore|iPhoneSimulator
		AppStore|x64 = AppStore|x64
		AppStore|x86 = AppStore|x86
		Debug|Any CPU = Debug|Any CPU
		Debug|ARM = Debug|ARM
		Debug|iPhone = Debug|iPhone
		Debug|iPhoneSimulator = Debug|iPhoneSimulator
		Debug|x64 = Debug|x64
		Debug|x86 = Debug|x86
		Release|Any CPU = Release|Any CPU
		Release|ARM = Release|ARM
		Release|iPhone = Release|iPhone
		Release|iPhoneSimulator = Release|iPhoneSimulator
		Release|x64 = Release|x64
		Release|x86 = Release|x86
	EndGlobalSection
	GlobalSection(ProjectConfigurationPlatforms) = postSolution
		{47992E93-724B-4B87-9122-18D5D02A5E59}.Ad-Hoc|Any CPU.ActiveCfg = Release|Any CPU
		{47992E93-724B-4B87-9122-18D5D02A5E59}.Ad-Hoc|Any CPU.Build.0 = Release|Any CPU
		{47992E93-724B-4B87-9122-18D5D02A5E59}.Ad-Hoc|Any CPU.Deploy.0 = Release|Any CPU
		{47992E93-724B-4B87-9122-18D5D02A5E59}.Ad-Hoc|ARM.ActiveCfg = Release|Any CPU
		{47992E93-724B-4B87-9122-18D5D02A5E59}.Ad-Hoc|ARM.Build.0 = Release|Any CPU
		{47992E93-724B-4B87-9122-18D5D02A5E59}.Ad-Hoc|ARM.Deploy.0 = Release|Any CPU
		{47992E93-724B-4B87-9122-18D5D02A5E59}.Ad-Hoc|iPhone.ActiveCfg = Release|Any CPU
		{47992E93-724B-4B87-9122-18D5D02A5E59}.Ad-Hoc|iPhone.Build.0 = Release|Any CPU
		{47992E93-724B-4B87-9122-18D5D02A5E59}.Ad-Hoc|iPhone.Deploy.0 = Release|Any CPU
		{47992E93-724B-4B87-9122-18D5D02A5E59}.Ad-Hoc|iPhoneSimulator.ActiveCfg = Release|Any CPU
		{47992E93-724B-4B87-9122-18D5D02A5E59}.Ad-Hoc|iPhoneSimulator.Build.0 = Release|Any CPU
		{47992E93-724B-4B87-9122-18D5D02A5E59}.Ad-Hoc|iPhoneSimulator.Deploy.0 = Release|Any CPU
		{47992E93-724B-4B87-9122-18D5D02A5E59}.Ad-Hoc|x64.ActiveCfg = Release|Any CPU
		{47992E93-724B-4B87-9122-18D5D02A5E59}.Ad-Hoc|x64.Build.0 = Release|Any CPU
		{47992E93-724B-4B87-9122-18D5D02A5E59}.Ad-Hoc|x64.Deploy.0 = Release|Any CPU
		{47992E93-724B-4B87-9122-18D5D02A5E59}.Ad-Hoc|x86.ActiveCfg = Release|Any CPU
		{47992E93-724B-4B87-9122-18D5D02A5E59}.Ad-Hoc|x86.Build.0 = Release|Any CPU
		{47992E93-724B-4B87-9122-18D5D02A5E59}.Ad-Hoc|x86.Deploy.0 = Release|Any CPU
		{47992E93-724B-4B87-9122-18D5D02A5E59}.AppStore|Any CPU.ActiveCfg = Release|Any CPU
		{47992E93-724B-4B87-9122-18D5D02A5E59}.AppStore|Any CPU.Build.0 = Release|Any CPU
		{47992E93-724B-4B87-9122-18D5D02A5E59}.AppStore|Any CPU.Deploy.0 = Release|Any CPU
		{47992E93-724B-4B87-9122-18D5D02A5E59}.AppStore|ARM.ActiveCfg = Release|Any CPU
		{47992E93-724B-4B87-9122-18D5D02A5E59}.AppStore|ARM.Build.0 = Release|Any CPU
		{47992E93-724B-4B87-9122-18D5D02A5E59}.AppStore|ARM.Deploy.0 = Release|Any CPU
		{47992E93-724B-4B87-9122-18D5D02A5E59}.AppStore|iPhone.ActiveCfg = Release|Any CPU
		{47992E93-724B-4B87-9122-18D5D02A5E59}.AppStore|iPhone.Build.0 = Release|Any CPU
		{47992E93-724B-4B87-9122-18D5D02A5E59}.AppStore|iPhone.Deploy.0 = Release|Any CPU
		{47992E93-724B-4B87-9122-18D5D02A5E59}.AppStore|iPhoneSimulator.ActiveCfg = Release|Any CPU
		{47992E93-724B-4B87-9122-18D5D02A5E59}.AppStore|iPhoneSimulator.Build.0 = Release|Any CPU
		{47992E93-724B-4B87-9122-18D5D02A5E59}.AppStore|iPhoneSimulator.Deploy.0 = Release|Any CPU
		{47992E93-724B-4B87-9122-18D5D02A5E59}.AppStore|x64.ActiveCfg = Release|Any CPU
		{47992E93-724B-4B87-9122-18D5D02A5E59}.AppStore|x64.Build.0 = Release|Any CPU
		{47992E93-724B-4B87-9122-18D5D02A5E59}.AppStore|x64.Deploy.0 = Release|Any CPU
		{47992E93-724B-4B87-9122-18D5D02A5E59}.AppStore|x86.ActiveCfg = Release|Any CPU
		{47992E93-724B-4B87-9122-18D5D02A5E59}.AppStore|x86.Build.0 = Release|Any CPU
		{47992E93-724B-4B87-9122-18D5D02A5E59}.AppStore|x86.Deploy.0 = Release|Any CPU
		{47992E93-724B-4B87-9122-18D5D02A5E59}.Debug|Any CPU.ActiveCfg = Debug|Any CPU
		{47992E93-724B-4B87-9122-18D5D02A5E59}.Debug|Any CPU.Build.0 = Debug|Any CPU
		{47992E93-724B-4B87-9122-18D5D02A5E59}.Debug|Any CPU.Deploy.0 = Debug|Any CPU
		{47992E93-724B-4B87-9122-18D5D02A5E59}.Debug|ARM.ActiveCfg = Debug|Any CPU
		{47992E93-724B-4B87-9122-18D5D02A5E59}.Debug|ARM.Build.0 = Debug|Any CPU
		{47992E93-724B-4B87-9122-18D5D02A5E59}.Debug|ARM.Deploy.0 = Debug|Any CPU
		{47992E93-724B-4B87-9122-18D5D02A5E59}.Debug|iPhone.ActiveCfg = Debug|Any CPU
		{47992E93-724B-4B87-9122-18D5D02A5E59}.Debug|iPhone.Build.0 = Debug|Any CPU
		{47992E93-724B-4B87-9122-18D5D02A5E59}.Debug|iPhone.Deploy.0 = Debug|Any CPU
		{47992E93-724B-4B87-9122-18D5D02A5E59}.Debug|iPhoneSimulator.ActiveCfg = Debug|Any CPU
		{47992E93-724B-4B87-9122-18D5D02A5E59}.Debug|iPhoneSimulator.Build.0 = Debug|Any CPU
		{47992E93-724B-4B87-9122-18D5D02A5E59}.Debug|iPhoneSimulator.Deploy.0 = Debug|Any CPU
		{47992E93-724B-4B87-9122-18D5D02A5E59}.Debug|x64.ActiveCfg = Debug|Any CPU
		{47992E93-724B-4B87-9122-18D5D02A5E59}.Debug|x64.Build.0 = Debug|Any CPU
		{47992E93-724B-4B87-9122-18D5D02A5E59}.Debug|x64.Deploy.0 = Debug|Any CPU
		{47992E93-724B-4B87-9122-18D5D02A5E59}.Debug|x86.ActiveCfg = Debug|Any CPU
		{47992E93-724B-4B87-9122-18D5D02A5E59}.Debug|x86.Build.0 = Debug|Any CPU
		{47992E93-724B-4B87-9122-18D5D02A5E59}.Debug|x86.Deploy.0 = Debug|Any CPU
		{47992E93-724B-4B87-9122-18D5D02A5E59}.Release|Any CPU.ActiveCfg = Release|Any CPU
		{47992E93-724B-4B87-9122-18D5D02A5E59}.Release|Any CPU.Build.0 = Release|Any CPU
		{47992E93-724B-4B87-9122-18D5D02A5E59}.Release|Any CPU.Deploy.0 = Release|Any CPU
		{47992E93-724B-4B87-9122-18D5D02A5E59}.Release|ARM.ActiveCfg = Release|Any CPU
		{47992E93-724B-4B87-9122-18D5D02A5E59}.Release|ARM.Build.0 = Release|Any CPU
		{47992E93-724B-4B87-9122-18D5D02A5E59}.Release|ARM.Deploy.0 = Release|Any CPU
		{47992E93-724B-4B87-9122-18D5D02A5E59}.Release|iPhone.ActiveCfg = Release|Any CPU
		{47992E93-724B-4B87-9122-18D5D02A5E59}.Release|iPhone.Build.0 = Release|Any CPU
		{47992E93-724B-4B87-9122-18D5D02A5E59}.Release|iPhone.Deploy.0 = Release|Any CPU
		{47992E93-724B-4B87-9122-18D5D02A5E59}.Release|iPhoneSimulator.ActiveCfg = Release|Any CPU
		{47992E93-724B-4B87-9122-18D5D02A5E59}.Release|iPhoneSimulator.Build.0 = Release|Any CPU
		{47992E93-724B-4B87-9122-18D5D02A5E59}.Release|iPhoneSimulator.Deploy.0 = Release|Any CPU
		{47992E93-724B-4B87-9122-18D5D02A5E59}.Release|x64.ActiveCfg = Release|Any CPU
		{47992E93-724B-4B87-9122-18D5D02A5E59}.Release|x64.Build.0 = Release|Any CPU
		{47992E93-724B-4B87-9122-18D5D02A5E59}.Release|x64.Deploy.0 = Release|Any CPU
		{47992E93-724B-4B87-9122-18D5D02A5E59}.Release|x86.ActiveCfg = Release|Any CPU
		{47992E93-724B-4B87-9122-18D5D02A5E59}.Release|x86.Build.0 = Release|Any CPU
		{47992E93-724B-4B87-9122-18D5D02A5E59}.Release|x86.Deploy.0 = Release|Any CPU
		{9D6BD629-8AD8-4D6A-B127-A4AF73AF1F5C}.Ad-Hoc|Any CPU.ActiveCfg = Ad-Hoc|iPhone
		{9D6BD629-8AD8-4D6A-B127-A4AF73AF1F5C}.Ad-Hoc|Any CPU.Build.0 = Ad-Hoc|iPhone
		{9D6BD629-8AD8-4D6A-B127-A4AF73AF1F5C}.Ad-Hoc|Any CPU.Deploy.0 = Ad-Hoc|iPhone
		{9D6BD629-8AD8-4D6A-B127-A4AF73AF1F5C}.Ad-Hoc|ARM.ActiveCfg = Ad-Hoc|iPhone
		{9D6BD629-8AD8-4D6A-B127-A4AF73AF1F5C}.Ad-Hoc|ARM.Build.0 = Ad-Hoc|iPhone
		{9D6BD629-8AD8-4D6A-B127-A4AF73AF1F5C}.Ad-Hoc|ARM.Deploy.0 = Ad-Hoc|iPhone
		{9D6BD629-8AD8-4D6A-B127-A4AF73AF1F5C}.Ad-Hoc|iPhone.ActiveCfg = Ad-Hoc|iPhone
		{9D6BD629-8AD8-4D6A-B127-A4AF73AF1F5C}.Ad-Hoc|iPhone.Build.0 = Ad-Hoc|iPhone
		{9D6BD629-8AD8-4D6A-B127-A4AF73AF1F5C}.Ad-Hoc|iPhone.Deploy.0 = Ad-Hoc|iPhone
		{9D6BD629-8AD8-4D6A-B127-A4AF73AF1F5C}.Ad-Hoc|iPhoneSimulator.ActiveCfg = Ad-Hoc|iPhoneSimulator
		{9D6BD629-8AD8-4D6A-B127-A4AF73AF1F5C}.Ad-Hoc|iPhoneSimulator.Build.0 = Ad-Hoc|iPhoneSimulator
		{9D6BD629-8AD8-4D6A-B127-A4AF73AF1F5C}.Ad-Hoc|iPhoneSimulator.Deploy.0 = Ad-Hoc|iPhoneSimulator
		{9D6BD629-8AD8-4D6A-B127-A4AF73AF1F5C}.Ad-Hoc|x64.ActiveCfg = Ad-Hoc|iPhone
		{9D6BD629-8AD8-4D6A-B127-A4AF73AF1F5C}.Ad-Hoc|x64.Build.0 = Ad-Hoc|iPhone
		{9D6BD629-8AD8-4D6A-B127-A4AF73AF1F5C}.Ad-Hoc|x64.Deploy.0 = Ad-Hoc|iPhone
		{9D6BD629-8AD8-4D6A-B127-A4AF73AF1F5C}.Ad-Hoc|x86.ActiveCfg = Ad-Hoc|iPhone
		{9D6BD629-8AD8-4D6A-B127-A4AF73AF1F5C}.Ad-Hoc|x86.Build.0 = Ad-Hoc|iPhone
		{9D6BD629-8AD8-4D6A-B127-A4AF73AF1F5C}.Ad-Hoc|x86.Deploy.0 = Ad-Hoc|iPhone
		{9D6BD629-8AD8-4D6A-B127-A4AF73AF1F5C}.AppStore|Any CPU.ActiveCfg = AppStore|iPhone
		{9D6BD629-8AD8-4D6A-B127-A4AF73AF1F5C}.AppStore|Any CPU.Build.0 = AppStore|iPhone
		{9D6BD629-8AD8-4D6A-B127-A4AF73AF1F5C}.AppStore|Any CPU.Deploy.0 = AppStore|iPhone
		{9D6BD629-8AD8-4D6A-B127-A4AF73AF1F5C}.AppStore|ARM.ActiveCfg = AppStore|iPhone
		{9D6BD629-8AD8-4D6A-B127-A4AF73AF1F5C}.AppStore|ARM.Build.0 = AppStore|iPhone
		{9D6BD629-8AD8-4D6A-B127-A4AF73AF1F5C}.AppStore|ARM.Deploy.0 = AppStore|iPhone
		{9D6BD629-8AD8-4D6A-B127-A4AF73AF1F5C}.AppStore|iPhone.ActiveCfg = AppStore|iPhone
		{9D6BD629-8AD8-4D6A-B127-A4AF73AF1F5C}.AppStore|iPhone.Build.0 = AppStore|iPhone
		{9D6BD629-8AD8-4D6A-B127-A4AF73AF1F5C}.AppStore|iPhone.Deploy.0 = AppStore|iPhone
		{9D6BD629-8AD8-4D6A-B127-A4AF73AF1F5C}.AppStore|iPhoneSimulator.ActiveCfg = AppStore|iPhoneSimulator
		{9D6BD629-8AD8-4D6A-B127-A4AF73AF1F5C}.AppStore|iPhoneSimulator.Build.0 = AppStore|iPhoneSimulator
		{9D6BD629-8AD8-4D6A-B127-A4AF73AF1F5C}.AppStore|iPhoneSimulator.Deploy.0 = AppStore|iPhoneSimulator
		{9D6BD629-8AD8-4D6A-B127-A4AF73AF1F5C}.AppStore|x64.ActiveCfg = AppStore|iPhone
		{9D6BD629-8AD8-4D6A-B127-A4AF73AF1F5C}.AppStore|x64.Build.0 = AppStore|iPhone
		{9D6BD629-8AD8-4D6A-B127-A4AF73AF1F5C}.AppStore|x64.Deploy.0 = AppStore|iPhone
		{9D6BD629-8AD8-4D6A-B127-A4AF73AF1F5C}.AppStore|x86.ActiveCfg = AppStore|iPhone
		{9D6BD629-8AD8-4D6A-B127-A4AF73AF1F5C}.AppStore|x86.Build.0 = AppStore|iPhone
		{9D6BD629-8AD8-4D6A-B127-A4AF73AF1F5C}.AppStore|x86.Deploy.0 = AppStore|iPhone
		{9D6BD629-8AD8-4D6A-B127-A4AF73AF1F5C}.Debug|Any CPU.ActiveCfg = Debug|iPhoneSimulator
		{9D6BD629-8AD8-4D6A-B127-A4AF73AF1F5C}.Debug|Any CPU.Build.0 = Debug|iPhoneSimulator
		{9D6BD629-8AD8-4D6A-B127-A4AF73AF1F5C}.Debug|Any CPU.Deploy.0 = Debug|iPhoneSimulator
		{9D6BD629-8AD8-4D6A-B127-A4AF73AF1F5C}.Debug|ARM.ActiveCfg = Debug|iPhone
		{9D6BD629-8AD8-4D6A-B127-A4AF73AF1F5C}.Debug|ARM.Build.0 = Debug|iPhone
		{9D6BD629-8AD8-4D6A-B127-A4AF73AF1F5C}.Debug|ARM.Deploy.0 = Debug|iPhone
		{9D6BD629-8AD8-4D6A-B127-A4AF73AF1F5C}.Debug|iPhone.ActiveCfg = Debug|iPhone
		{9D6BD629-8AD8-4D6A-B127-A4AF73AF1F5C}.Debug|iPhone.Build.0 = Debug|iPhone
		{9D6BD629-8AD8-4D6A-B127-A4AF73AF1F5C}.Debug|iPhone.Deploy.0 = Debug|iPhone
		{9D6BD629-8AD8-4D6A-B127-A4AF73AF1F5C}.Debug|iPhoneSimulator.ActiveCfg = Debug|iPhoneSimulator
		{9D6BD629-8AD8-4D6A-B127-A4AF73AF1F5C}.Debug|iPhoneSimulator.Build.0 = Debug|iPhoneSimulator
		{9D6BD629-8AD8-4D6A-B127-A4AF73AF1F5C}.Debug|iPhoneSimulator.Deploy.0 = Debug|iPhoneSimulator
		{9D6BD629-8AD8-4D6A-B127-A4AF73AF1F5C}.Debug|x64.ActiveCfg = Debug|iPhone
		{9D6BD629-8AD8-4D6A-B127-A4AF73AF1F5C}.Debug|x64.Build.0 = Debug|iPhone
		{9D6BD629-8AD8-4D6A-B127-A4AF73AF1F5C}.Debug|x64.Deploy.0 = Debug|iPhone
		{9D6BD629-8AD8-4D6A-B127-A4AF73AF1F5C}.Debug|x86.ActiveCfg = Debug|iPhone
		{9D6BD629-8AD8-4D6A-B127-A4AF73AF1F5C}.Debug|x86.Build.0 = Debug|iPhone
		{9D6BD629-8AD8-4D6A-B127-A4AF73AF1F5C}.Debug|x86.Deploy.0 = Debug|iPhone
		{9D6BD629-8AD8-4D6A-B127-A4AF73AF1F5C}.Release|Any CPU.ActiveCfg = Release|iPhone
		{9D6BD629-8AD8-4D6A-B127-A4AF73AF1F5C}.Release|Any CPU.Build.0 = Release|iPhone
		{9D6BD629-8AD8-4D6A-B127-A4AF73AF1F5C}.Release|Any CPU.Deploy.0 = Release|iPhone
		{9D6BD629-8AD8-4D6A-B127-A4AF73AF1F5C}.Release|ARM.ActiveCfg = Release|iPhone
		{9D6BD629-8AD8-4D6A-B127-A4AF73AF1F5C}.Release|ARM.Build.0 = Release|iPhone
		{9D6BD629-8AD8-4D6A-B127-A4AF73AF1F5C}.Release|ARM.Deploy.0 = Release|iPhone
		{9D6BD629-8AD8-4D6A-B127-A4AF73AF1F5C}.Release|iPhone.ActiveCfg = Release|iPhone
		{9D6BD629-8AD8-4D6A-B127-A4AF73AF1F5C}.Release|iPhone.Build.0 = Release|iPhone
		{9D6BD629-8AD8-4D6A-B127-A4AF73AF1F5C}.Release|iPhone.Deploy.0 = Release|iPhone
		{9D6BD629-8AD8-4D6A-B127-A4AF73AF1F5C}.Release|iPhoneSimulator.ActiveCfg = Release|iPhoneSimulator
		{9D6BD629-8AD8-4D6A-B127-A4AF73AF1F5C}.Release|iPhoneSimulator.Build.0 = Release|iPhoneSimulator
		{9D6BD629-8AD8-4D6A-B127-A4AF73AF1F5C}.Release|iPhoneSimulator.Deploy.0 = Release|iPhoneSimulator
		{9D6BD629-8AD8-4D6A-B127-A4AF73AF1F5C}.Release|x64.ActiveCfg = Release|iPhone
		{9D6BD629-8AD8-4D6A-B127-A4AF73AF1F5C}.Release|x64.Build.0 = Release|iPhone
		{9D6BD629-8AD8-4D6A-B127-A4AF73AF1F5C}.Release|x64.Deploy.0 = Release|iPhone
		{9D6BD629-8AD8-4D6A-B127-A4AF73AF1F5C}.Release|x86.ActiveCfg = Release|iPhone
		{9D6BD629-8AD8-4D6A-B127-A4AF73AF1F5C}.Release|x86.Build.0 = Release|iPhone
		{9D6BD629-8AD8-4D6A-B127-A4AF73AF1F5C}.Release|x86.Deploy.0 = Release|iPhone
		{168BC439-F542-4001-9B08-FD172BD72F59}.Ad-Hoc|Any CPU.ActiveCfg = Release|x86
		{168BC439-F542-4001-9B08-FD172BD72F59}.Ad-Hoc|Any CPU.Build.0 = Release|x86
		{168BC439-F542-4001-9B08-FD172BD72F59}.Ad-Hoc|Any CPU.Deploy.0 = Release|x86
		{168BC439-F542-4001-9B08-FD172BD72F59}.Ad-Hoc|ARM.ActiveCfg = Release|ARM
		{168BC439-F542-4001-9B08-FD172BD72F59}.Ad-Hoc|ARM.Build.0 = Release|ARM
		{168BC439-F542-4001-9B08-FD172BD72F59}.Ad-Hoc|ARM.Deploy.0 = Release|ARM
		{168BC439-F542-4001-9B08-FD172BD72F59}.Ad-Hoc|iPhone.ActiveCfg = Release|x86
		{168BC439-F542-4001-9B08-FD172BD72F59}.Ad-Hoc|iPhone.Build.0 = Release|x86
		{168BC439-F542-4001-9B08-FD172BD72F59}.Ad-Hoc|iPhone.Deploy.0 = Release|x86
		{168BC439-F542-4001-9B08-FD172BD72F59}.Ad-Hoc|iPhoneSimulator.ActiveCfg = Release|x86
		{168BC439-F542-4001-9B08-FD172BD72F59}.Ad-Hoc|iPhoneSimulator.Build.0 = Release|x86
		{168BC439-F542-4001-9B08-FD172BD72F59}.Ad-Hoc|iPhoneSimulator.Deploy.0 = Release|x86
		{168BC439-F542-4001-9B08-FD172BD72F59}.Ad-Hoc|x64.ActiveCfg = Release|x64
		{168BC439-F542-4001-9B08-FD172BD72F59}.Ad-Hoc|x64.Build.0 = Release|x64
		{168BC439-F542-4001-9B08-FD172BD72F59}.Ad-Hoc|x64.Deploy.0 = Release|x64
		{168BC439-F542-4001-9B08-FD172BD72F59}.Ad-Hoc|x86.ActiveCfg = Release|x86
		{168BC439-F542-4001-9B08-FD172BD72F59}.Ad-Hoc|x86.Build.0 = Release|x86
		{168BC439-F542-4001-9B08-FD172BD72F59}.Ad-Hoc|x86.Deploy.0 = Release|x86
		{168BC439-F542-4001-9B08-FD172BD72F59}.AppStore|Any CPU.ActiveCfg = Release|x86
		{168BC439-F542-4001-9B08-FD172BD72F59}.AppStore|Any CPU.Build.0 = Release|x86
		{168BC439-F542-4001-9B08-FD172BD72F59}.AppStore|Any CPU.Deploy.0 = Release|x86
		{168BC439-F542-4001-9B08-FD172BD72F59}.AppStore|ARM.ActiveCfg = Release|ARM
		{168BC439-F542-4001-9B08-FD172BD72F59}.AppStore|ARM.Build.0 = Release|ARM
		{168BC439-F542-4001-9B08-FD172BD72F59}.AppStore|ARM.Deploy.0 = Release|ARM
		{168BC439-F542-4001-9B08-FD172BD72F59}.AppStore|iPhone.ActiveCfg = Release|x86
		{168BC439-F542-4001-9B08-FD172BD72F59}.AppStore|iPhone.Build.0 = Release|x86
		{168BC439-F542-4001-9B08-FD172BD72F59}.AppStore|iPhone.Deploy.0 = Release|x86
		{168BC439-F542-4001-9B08-FD172BD72F59}.AppStore|iPhoneSimulator.ActiveCfg = Release|x86
		{168BC439-F542-4001-9B08-FD172BD72F59}.AppStore|iPhoneSimulator.Build.0 = Release|x86
		{168BC439-F542-4001-9B08-FD172BD72F59}.AppStore|iPhoneSimulator.Deploy.0 = Release|x86
		{168BC439-F542-4001-9B08-FD172BD72F59}.AppStore|x64.ActiveCfg = Release|x64
		{168BC439-F542-4001-9B08-FD172BD72F59}.AppStore|x64.Build.0 = Release|x64
		{168BC439-F542-4001-9B08-FD172BD72F59}.AppStore|x64.Deploy.0 = Release|x64
		{168BC439-F542-4001-9B08-FD172BD72F59}.AppStore|x86.ActiveCfg = Release|x86
		{168BC439-F542-4001-9B08-FD172BD72F59}.AppStore|x86.Build.0 = Release|x86
		{168BC439-F542-4001-9B08-FD172BD72F59}.AppStore|x86.Deploy.0 = Release|x86
		{168BC439-F542-4001-9B08-FD172BD72F59}.Debug|Any CPU.ActiveCfg = Debug|x86
		{168BC439-F542-4001-9B08-FD172BD72F59}.Debug|Any CPU.Build.0 = Debug|x86
		{168BC439-F542-4001-9B08-FD172BD72F59}.Debug|Any CPU.Deploy.0 = Debug|x86
		{168BC439-F542-4001-9B08-FD172BD72F59}.Debug|ARM.ActiveCfg = Debug|ARM
		{168BC439-F542-4001-9B08-FD172BD72F59}.Debug|ARM.Build.0 = Debug|ARM
		{168BC439-F542-4001-9B08-FD172BD72F59}.Debug|ARM.Deploy.0 = Debug|ARM
		{168BC439-F542-4001-9B08-FD172BD72F59}.Debug|iPhone.ActiveCfg = Debug|x86
		{168BC439-F542-4001-9B08-FD172BD72F59}.Debug|iPhone.Build.0 = Debug|x86
		{168BC439-F542-4001-9B08-FD172BD72F59}.Debug|iPhone.Deploy.0 = Debug|x86
		{168BC439-F542-4001-9B08-FD172BD72F59}.Debug|iPhoneSimulator.ActiveCfg = Debug|x86
		{168BC439-F542-4001-9B08-FD172BD72F59}.Debug|iPhoneSimulator.Build.0 = Debug|x86
		{168BC439-F542-4001-9B08-FD172BD72F59}.Debug|iPhoneSimulator.Deploy.0 = Debug|x86
		{168BC439-F542-4001-9B08-FD172BD72F59}.Debug|x64.ActiveCfg = Debug|x64
		{168BC439-F542-4001-9B08-FD172BD72F59}.Debug|x64.Build.0 = Debug|x64
		{168BC439-F542-4001-9B08-FD172BD72F59}.Debug|x64.Deploy.0 = Debug|x64
		{168BC439-F542-4001-9B08-FD172BD72F59}.Debug|x86.ActiveCfg = Debug|x86
		{168BC439-F542-4001-9B08-FD172BD72F59}.Debug|x86.Build.0 = Debug|x86
		{168BC439-F542-4001-9B08-FD172BD72F59}.Debug|x86.Deploy.0 = Debug|x86
		{168BC439-F542-4001-9B08-FD172BD72F59}.Release|Any CPU.ActiveCfg = Release|x86
		{168BC439-F542-4001-9B08-FD172BD72F59}.Release|Any CPU.Build.0 = Release|x86
		{168BC439-F542-4001-9B08-FD172BD72F59}.Release|Any CPU.Deploy.0 = Release|x86
		{168BC439-F542-4001-9B08-FD172BD72F59}.Release|ARM.ActiveCfg = Release|ARM
		{168BC439-F542-4001-9B08-FD172BD72F59}.Release|ARM.Build.0 = Release|ARM
		{168BC439-F542-4001-9B08-FD172BD72F59}.Release|ARM.Deploy.0 = Release|ARM
		{168BC439-F542-4001-9B08-FD172BD72F59}.Release|iPhone.ActiveCfg = Release|x86
		{168BC439-F542-4001-9B08-FD172BD72F59}.Release|iPhone.Build.0 = Release|x86
		{168BC439-F542-4001-9B08-FD172BD72F59}.Release|iPhone.Deploy.0 = Release|x86
		{168BC439-F542-4001-9B08-FD172BD72F59}.Release|iPhoneSimulator.ActiveCfg = Release|x86
		{168BC439-F542-4001-9B08-FD172BD72F59}.Release|iPhoneSimulator.Build.0 = Release|x86
		{168BC439-F542-4001-9B08-FD172BD72F59}.Release|iPhoneSimulator.Deploy.0 = Release|x86
		{168BC439-F542-4001-9B08-FD172BD72F59}.Release|x64.ActiveCfg = Release|x64
		{168BC439-F542-4001-9B08-FD172BD72F59}.Release|x64.Build.0 = Release|x64
		{168BC439-F542-4001-9B08-FD172BD72F59}.Release|x64.Deploy.0 = Release|x64
		{168BC439-F542-4001-9B08-FD172BD72F59}.Release|x86.ActiveCfg = Release|x86
		{168BC439-F542-4001-9B08-FD172BD72F59}.Release|x86.Build.0 = Release|x86
		{168BC439-F542-4001-9B08-FD172BD72F59}.Release|x86.Deploy.0 = Release|x86
		{AE0FC564-418B-449A-8495-C411061494CE}.Ad-Hoc|Any CPU.ActiveCfg = Debug|Any CPU
		{AE0FC564-418B-449A-8495-C411061494CE}.Ad-Hoc|Any CPU.Build.0 = Debug|Any CPU
		{AE0FC564-418B-449A-8495-C411061494CE}.Ad-Hoc|Any CPU.Deploy.0 = Debug|Any CPU
		{AE0FC564-418B-449A-8495-C411061494CE}.Ad-Hoc|ARM.ActiveCfg = Debug|Any CPU
		{AE0FC564-418B-449A-8495-C411061494CE}.Ad-Hoc|ARM.Build.0 = Debug|Any CPU
		{AE0FC564-418B-449A-8495-C411061494CE}.Ad-Hoc|ARM.Deploy.0 = Debug|Any CPU
		{AE0FC564-418B-449A-8495-C411061494CE}.Ad-Hoc|iPhone.ActiveCfg = Debug|Any CPU
		{AE0FC564-418B-449A-8495-C411061494CE}.Ad-Hoc|iPhone.Build.0 = Debug|Any CPU
		{AE0FC564-418B-449A-8495-C411061494CE}.Ad-Hoc|iPhone.Deploy.0 = Debug|Any CPU
		{AE0FC564-418B-449A-8495-C411061494CE}.Ad-Hoc|iPhoneSimulator.ActiveCfg = Debug|Any CPU
		{AE0FC564-418B-449A-8495-C411061494CE}.Ad-Hoc|iPhoneSimulator.Build.0 = Debug|Any CPU
		{AE0FC564-418B-449A-8495-C411061494CE}.Ad-Hoc|iPhoneSimulator.Deploy.0 = Debug|Any CPU
		{AE0FC564-418B-449A-8495-C411061494CE}.Ad-Hoc|x64.ActiveCfg = Debug|Any CPU
		{AE0FC564-418B-449A-8495-C411061494CE}.Ad-Hoc|x64.Build.0 = Debug|Any CPU
		{AE0FC564-418B-449A-8495-C411061494CE}.Ad-Hoc|x64.Deploy.0 = Debug|Any CPU
		{AE0FC564-418B-449A-8495-C411061494CE}.Ad-Hoc|x86.ActiveCfg = Debug|Any CPU
		{AE0FC564-418B-449A-8495-C411061494CE}.Ad-Hoc|x86.Build.0 = Debug|Any CPU
		{AE0FC564-418B-449A-8495-C411061494CE}.Ad-Hoc|x86.Deploy.0 = Debug|Any CPU
		{AE0FC564-418B-449A-8495-C411061494CE}.AppStore|Any CPU.ActiveCfg = Debug|Any CPU
		{AE0FC564-418B-449A-8495-C411061494CE}.AppStore|Any CPU.Build.0 = Debug|Any CPU
		{AE0FC564-418B-449A-8495-C411061494CE}.AppStore|Any CPU.Deploy.0 = Debug|Any CPU
		{AE0FC564-418B-449A-8495-C411061494CE}.AppStore|ARM.ActiveCfg = Debug|Any CPU
		{AE0FC564-418B-449A-8495-C411061494CE}.AppStore|ARM.Build.0 = Debug|Any CPU
		{AE0FC564-418B-449A-8495-C411061494CE}.AppStore|ARM.Deploy.0 = Debug|Any CPU
		{AE0FC564-418B-449A-8495-C411061494CE}.AppStore|iPhone.ActiveCfg = Debug|Any CPU
		{AE0FC564-418B-449A-8495-C411061494CE}.AppStore|iPhone.Build.0 = Debug|Any CPU
		{AE0FC564-418B-449A-8495-C411061494CE}.AppStore|iPhone.Deploy.0 = Debug|Any CPU
		{AE0FC564-418B-449A-8495-C411061494CE}.AppStore|iPhoneSimulator.ActiveCfg = Debug|Any CPU
		{AE0FC564-418B-449A-8495-C411061494CE}.AppStore|iPhoneSimulator.Build.0 = Debug|Any CPU
		{AE0FC564-418B-449A-8495-C411061494CE}.AppStore|iPhoneSimulator.Deploy.0 = Debug|Any CPU
		{AE0FC564-418B-449A-8495-C411061494CE}.AppStore|x64.ActiveCfg = Debug|Any CPU
		{AE0FC564-418B-449A-8495-C411061494CE}.AppStore|x64.Build.0 = Debug|Any CPU
		{AE0FC564-418B-449A-8495-C411061494CE}.AppStore|x64.Deploy.0 = Debug|Any CPU
		{AE0FC564-418B-449A-8495-C411061494CE}.AppStore|x86.ActiveCfg = Debug|Any CPU
		{AE0FC564-418B-449A-8495-C411061494CE}.AppStore|x86.Build.0 = Debug|Any CPU
		{AE0FC564-418B-449A-8495-C411061494CE}.AppStore|x86.Deploy.0 = Debug|Any CPU
		{AE0FC564-418B-449A-8495-C411061494CE}.Debug|Any CPU.ActiveCfg = Debug|Any CPU
		{AE0FC564-418B-449A-8495-C411061494CE}.Debug|Any CPU.Build.0 = Debug|Any CPU
		{AE0FC564-418B-449A-8495-C411061494CE}.Debug|Any CPU.Deploy.0 = Debug|Any CPU
		{AE0FC564-418B-449A-8495-C411061494CE}.Debug|ARM.ActiveCfg = Debug|Any CPU
		{AE0FC564-418B-449A-8495-C411061494CE}.Debug|ARM.Build.0 = Debug|Any CPU
		{AE0FC564-418B-449A-8495-C411061494CE}.Debug|ARM.Deploy.0 = Debug|Any CPU
		{AE0FC564-418B-449A-8495-C411061494CE}.Debug|iPhone.ActiveCfg = Debug|Any CPU
		{AE0FC564-418B-449A-8495-C411061494CE}.Debug|iPhone.Build.0 = Debug|Any CPU
		{AE0FC564-418B-449A-8495-C411061494CE}.Debug|iPhone.Deploy.0 = Debug|Any CPU
		{AE0FC564-418B-449A-8495-C411061494CE}.Debug|iPhoneSimulator.ActiveCfg = Debug|Any CPU
		{AE0FC564-418B-449A-8495-C411061494CE}.Debug|iPhoneSimulator.Build.0 = Debug|Any CPU
		{AE0FC564-418B-449A-8495-C411061494CE}.Debug|iPhoneSimulator.Deploy.0 = Debug|Any CPU
		{AE0FC564-418B-449A-8495-C411061494CE}.Debug|x64.ActiveCfg = Debug|Any CPU
		{AE0FC564-418B-449A-8495-C411061494CE}.Debug|x64.Build.0 = Debug|Any CPU
		{AE0FC564-418B-449A-8495-C411061494CE}.Debug|x64.Deploy.0 = Debug|Any CPU
		{AE0FC564-418B-449A-8495-C411061494CE}.Debug|x86.ActiveCfg = Debug|Any CPU
		{AE0FC564-418B-449A-8495-C411061494CE}.Debug|x86.Build.0 = Debug|Any CPU
		{AE0FC564-418B-449A-8495-C411061494CE}.Debug|x86.Deploy.0 = Debug|Any CPU
		{AE0FC564-418B-449A-8495-C411061494CE}.Release|Any CPU.ActiveCfg = Release|Any CPU
		{AE0FC564-418B-449A-8495-C411061494CE}.Release|Any CPU.Build.0 = Release|Any CPU
		{AE0FC564-418B-449A-8495-C411061494CE}.Release|Any CPU.Deploy.0 = Release|Any CPU
		{AE0FC564-418B-449A-8495-C411061494CE}.Release|ARM.ActiveCfg = Release|Any CPU
		{AE0FC564-418B-449A-8495-C411061494CE}.Release|ARM.Build.0 = Release|Any CPU
		{AE0FC564-418B-449A-8495-C411061494CE}.Release|ARM.Deploy.0 = Release|Any CPU
		{AE0FC564-418B-449A-8495-C411061494CE}.Release|iPhone.ActiveCfg = Release|Any CPU
		{AE0FC564-418B-449A-8495-C411061494CE}.Release|iPhone.Build.0 = Release|Any CPU
		{AE0FC564-418B-449A-8495-C411061494CE}.Release|iPhone.Deploy.0 = Release|Any CPU
		{AE0FC564-418B-449A-8495-C411061494CE}.Release|iPhoneSimulator.ActiveCfg = Release|Any CPU
		{AE0FC564-418B-449A-8495-C411061494CE}.Release|iPhoneSimulator.Build.0 = Release|Any CPU
		{AE0FC564-418B-449A-8495-C411061494CE}.Release|iPhoneSimulator.Deploy.0 = Release|Any CPU
		{AE0FC564-418B-449A-8495-C411061494CE}.Release|x64.ActiveCfg = Release|Any CPU
		{AE0FC564-418B-449A-8495-C411061494CE}.Release|x64.Build.0 = Release|Any CPU
		{AE0FC564-418B-449A-8495-C411061494CE}.Release|x64.Deploy.0 = Release|Any CPU
		{AE0FC564-418B-449A-8495-C411061494CE}.Release|x86.ActiveCfg = Release|Any CPU
		{AE0FC564-418B-449A-8495-C411061494CE}.Release|x86.Build.0 = Release|Any CPU
		{AE0FC564-418B-449A-8495-C411061494CE}.Release|x86.Deploy.0 = Release|Any CPU
	EndGlobalSection
	GlobalSection(SolutionProperties) = preSolution
		HideSolutionNode = FALSE
	EndGlobalSection
	GlobalSection(ExtensibilityGlobals) = postSolution
		SolutionGuid = {D643E967-4C98-4BF0-BC1E-E741315C616E}
	EndGlobalSection
EndGlobal
